PODS:
  - Alamofire (5.6.4)
  - SnapKit (5.0.1)
  - SwiftFormat/CLI (0.40.4)
  - SwiftyJSON (5.0.1)
  - TABAnimated (2.5.1)
  - TMComponent (0.1.0):
    - SnapKit
  - Toast-Swift (5.0.1)

DEPENDENCIES:
  - Alamofire
  - SnapKit (~> 5.0.0)
  - SwiftFormat/CLI (= 0.40.4)
  - SwiftyJSON
  - TABAnimated (= 2.5.1)
  - TMComponent (from `https://github.com/RoyJoel/TMComponent.git`)
  - Toast-Swift

SPEC REPOS:
  trunk:
    - Alamofire
    - SnapKit
    - SwiftFormat
    - SwiftyJSON
    - TABAnimated
    - Toast-Swift

EXTERNAL SOURCES:
  TMComponent:
    :git: https://github.com/RoyJoel/TMComponent.git

CHECKOUT OPTIONS:
  TMComponent:
    :commit: 9aea249839880a2c9af13fec1255e2eaf0c6e6e2
    :git: https://github.com/RoyJoel/TMComponent.git

SPEC CHECKSUMS:
  Alamofire: 4e95d97098eacb88856099c4fc79b526a299e48c
  SnapKit: 97b92857e3df3a0c71833cce143274bf6ef8e5eb
  SwiftFormat: cc36377840cffa5d0634782875dccf34dc02ff39
  SwiftyJSON: 2f33a42c6fbc52764d96f13368585094bfd8aa5e
  TABAnimated: f0bfba5c5c7d279b43cda503d9a5328e7e9891c8
  TMComponent: 6b100f06dddd9ece8eee1eaa6ca16bc22ed5f5db
  Toast-Swift: 9b6a70f28b3bf0b96c40d46c0c4b9d6639846711

PODFILE CHECKSUM: 01bb397be55633de7c866f1c65e3219ec4600546

COCOAPODS: 1.11.3
